
Microsoft Visual Studio Solution File, Format Version 12.00
# Visual Studio Version 16
VisualStudioVersion = 16.0.30428.66
MinimumVisualStudioVersion = 10.0.40219.1
Project("{FAE04EC0-301F-11D3-BF4B-00C04F79EFBC}") = "poptarts", "poptarts\poptarts.csproj", "{6DAF5C8E-F8DD-445A-A697-9BBE206EFFD6}"
EndProject
Global
	GlobalSection(SolutionConfigurationPlatforms) = preSolution
		Debug|Any CPU = Debug|Any CPU
		Release|Any CPU = Release|Any CPU
	EndGlobalSection
	GlobalSection(ProjectConfigurationPlatforms) = postSolution
		{6DAF5C8E-F8DD-445A-A697-9BBE206EFFD6}.Debug|Any CPU.ActiveCfg = Debug|Any CPU
		{6DAF5C8E-F8DD-445A-A697-9BBE206EFFD6}.Debug|Any CPU.Build.0 = Debug|Any CPU
		{6DAF5C8E-F8DD-445A-A697-9BBE206EFFD6}.Release|Any CPU.ActiveCfg = Release|Any CPU
		{6DAF5C8E-F8DD-445A-A697-9BBE206EFFD6}.Release|Any CPU.Build.0 = Release|Any CPU
	EndGlobalSection
	GlobalSection(SolutionProperties) = preSolution
		HideSolutionNode = FALSE
	EndGlobalSection
	GlobalSection(ExtensibilityGlobals) = postSolution
		SolutionGuid = {FE2A52B4-C00F-419E-9270-21679339958D}
	EndGlobalSection
EndGlobal
